
Microsoft Visual Studio Solution File, Format Version 12.00
# Visual Studio Version 16
VisualStudioVersion = 16.0.29709.97
MinimumVisualStudioVersion = 10.0.40219.1
Project("{FAE04EC0-301F-11D3-BF4B-00C04F79EFBC}") = "PSI", "PSI\PSI.csproj", "{4D403D43-3311-4D7F-B952-367B7E6B6FCA}"
EndProject
Global
	GlobalSection(SolutionConfigurationPlatforms) = preSolution
		Debug|Any CPU = Debug|Any CPU
		Release|Any CPU = Release|Any CPU
	EndGlobalSection
	GlobalSection(ProjectConfigurationPlatforms) = postSolution
		{4D403D43-3311-4D7F-B952-367B7E6B6FCA}.Debug|Any CPU.ActiveCfg = Debug|Any CPU
		{4D403D43-3311-4D7F-B952-367B7E6B6FCA}.Debug|Any CPU.Build.0 = Debug|Any CPU
		{4D403D43-3311-4D7F-B952-367B7E6B6FCA}.Release|Any CPU.ActiveCfg = Release|Any CPU
		{4D403D43-3311-4D7F-B952-367B7E6B6FCA}.Release|Any CPU.Build.0 = Release|Any CPU
	EndGlobalSection
	GlobalSection(SolutionProperties) = preSolution
		HideSolutionNode = FALSE
	EndGlobalSection
	GlobalSection(ExtensibilityGlobals) = postSolution
		SolutionGuid = {38B72E8E-B920-43B1-9C77-DEA6522D9EC1}
	EndGlobalSection
EndGlobal
